# This file is automatically @generated by Cargo.
# It is not intended for manual editing.
version = 3

[[package]]
name = "forensicnomicon-core"
version = "1.5.0"
source = "registry+https://github.com/rust-lang/crates.io-index"
checksum = "21800c5e29085274fbb324be30790894481c9c5faf8c659b3d0d994840ca0941"

[[package]]
name = "state-history-forensic"
version = "0.2.0"
dependencies = [
 "forensicnomicon-core",
]
