# This file is automatically @generated by Cargo.
# It is not intended for manual editing.
version = 4

[[package]]
name = "forensicnomicon-core"
version = "1.4.0"
source = "registry+https://github.com/rust-lang/crates.io-index"
checksum = "d65a733200c34a6595461a80c6a3ca95816c63b55104ef72630c5324a74a6680"

[[package]]
name = "state-history-forensic"
version = "0.1.0"
dependencies = [
 "forensicnomicon-core",
]
